
Microsoft Visual Studio Solution File, Format Version 12.00
# Visual Studio Version 17
VisualStudioVersion = 17.14.36301.6
MinimumVisualStudioVersion = 10.0.40219.1
Project("{FAE04EC0-301F-11D3-BF4B-00C04F79EFBC}") = "BlazorApp", "BlazorApp\BlazorApp.csproj", "{934945FC-3D8D-416B-8113-B753201CB3AA}"
EndProject
Project("{FAE04EC0-301F-11D3-BF4B-00C04F79EFBC}") = "PlaywrightTests", "PlaywrightTests\PlaywrightTests.csproj", "{5033FA2A-2006-4585-8B86-EFAC8C241A4D}"
EndProject
Project("{2150E333-8FDC-42A3-9474-1A3956D46DE8}") = "Éléments de solution", "Éléments de solution", "{9C8CB701-102D-CF49-A3E0-89AC09D42C2C}"
	ProjectSection(SolutionItems) = preProject
		.runsettings = .runsettings
	EndProjectSection
EndProject
Project("{FAE04EC0-301F-11D3-BF4B-00C04F79EFBC}") = "BlazorDeconnected", "BlazorDeconnected\BlazorDeconnected.csproj", "{66D5E2B9-6DCF-4855-9683-DBC1AC6437AB}"
EndProject
Project("{FAE04EC0-301F-11D3-BF4B-00C04F79EFBC}") = "Api", "Api\Api.csproj", "{23CA1FC0-021D-48D1-B946-5FDEB35394ED}"
EndProject
Global
	GlobalSection(SolutionConfigurationPlatforms) = preSolution
		Debug|Any CPU = Debug|Any CPU
		Release|Any CPU = Release|Any CPU
	EndGlobalSection
	GlobalSection(ProjectConfigurationPlatforms) = postSolution
		{934945FC-3D8D-416B-8113-B753201CB3AA}.Debug|Any CPU.ActiveCfg = Debug|Any CPU
		{934945FC-3D8D-416B-8113-B753201CB3AA}.Debug|Any CPU.Build.0 = Debug|Any CPU
		{934945FC-3D8D-416B-8113-B753201CB3AA}.Release|Any CPU.ActiveCfg = Release|Any CPU
		{934945FC-3D8D-416B-8113-B753201CB3AA}.Release|Any CPU.Build.0 = Release|Any CPU
		{5033FA2A-2006-4585-8B86-EFAC8C241A4D}.Debug|Any CPU.ActiveCfg = Debug|Any CPU
		{5033FA2A-2006-4585-8B86-EFAC8C241A4D}.Debug|Any CPU.Build.0 = Debug|Any CPU
		{5033FA2A-2006-4585-8B86-EFAC8C241A4D}.Release|Any CPU.ActiveCfg = Release|Any CPU
		{5033FA2A-2006-4585-8B86-EFAC8C241A4D}.Release|Any CPU.Build.0 = Release|Any CPU
		{66D5E2B9-6DCF-4855-9683-DBC1AC6437AB}.Debug|Any CPU.ActiveCfg = Debug|Any CPU
		{66D5E2B9-6DCF-4855-9683-DBC1AC6437AB}.Debug|Any CPU.Build.0 = Debug|Any CPU
		{66D5E2B9-6DCF-4855-9683-DBC1AC6437AB}.Release|Any CPU.ActiveCfg = Release|Any CPU
		{66D5E2B9-6DCF-4855-9683-DBC1AC6437AB}.Release|Any CPU.Build.0 = Release|Any CPU
		{23CA1FC0-021D-48D1-B946-5FDEB35394ED}.Debug|Any CPU.ActiveCfg = Debug|Any CPU
		{23CA1FC0-021D-48D1-B946-5FDEB35394ED}.Debug|Any CPU.Build.0 = Debug|Any CPU
		{23CA1FC0-021D-48D1-B946-5FDEB35394ED}.Release|Any CPU.ActiveCfg = Release|Any CPU
		{23CA1FC0-021D-48D1-B946-5FDEB35394ED}.Release|Any CPU.Build.0 = Release|Any CPU
	EndGlobalSection
	GlobalSection(SolutionProperties) = preSolution
		HideSolutionNode = FALSE
	EndGlobalSection
	GlobalSection(ExtensibilityGlobals) = postSolution
		SolutionGuid = {41DCDAE3-169F-4900-9A7B-93FCE9D46C65}
	EndGlobalSection
EndGlobal
